
Microsoft Visual Studio Solution File, Format Version 12.00
# Visual Studio 15
VisualStudioVersion = 15.0.28307.421
MinimumVisualStudioVersion = 10.0.40219.1
Project("{FAE04EC0-301F-11D3-BF4B-00C04F79EFBC}") = "KSU.Visio", "KSU.Visio\KSU.Visio.csproj", "{29E4367C-10CC-4CF1-ADED-78427B11BE41}"
EndProject
Project("{FAE04EC0-301F-11D3-BF4B-00C04F79EFBC}") = "KSU.Visio.Lib", "KSU.Visio.Lib\KSU.Visio.Lib.csproj", "{7B1E8920-0AE5-43F8-889C-EDBD886D5CCF}"
EndProject
Project("{FAE04EC0-301F-11D3-BF4B-00C04F79EFBC}") = "KSU.Visio.UT", "KSU.Visio.UT\KSU.Visio.UT.csproj", "{6BD0C634-DA12-4CD2-918B-809A2857B966}"
EndProject
Global
	GlobalSection(SolutionConfigurationPlatforms) = preSolution
		Debug|Any CPU = Debug|Any CPU
		Debug|x86 = Debug|x86
		Release|Any CPU = Release|Any CPU
		Release|x86 = Release|x86
	EndGlobalSection
	GlobalSection(ProjectConfigurationPlatforms) = postSolution
		{29E4367C-10CC-4CF1-ADED-78427B11BE41}.Debug|Any CPU.ActiveCfg = Debug|Any CPU
		{29E4367C-10CC-4CF1-ADED-78427B11BE41}.Debug|Any CPU.Build.0 = Debug|Any CPU
		{29E4367C-10CC-4CF1-ADED-78427B11BE41}.Debug|x86.ActiveCfg = Debug|Any CPU
		{29E4367C-10CC-4CF1-ADED-78427B11BE41}.Debug|x86.Build.0 = Debug|Any CPU
		{29E4367C-10CC-4CF1-ADED-78427B11BE41}.Release|Any CPU.ActiveCfg = Release|Any CPU
		{29E4367C-10CC-4CF1-ADED-78427B11BE41}.Release|Any CPU.Build.0 = Release|Any CPU
		{29E4367C-10CC-4CF1-ADED-78427B11BE41}.Release|x86.ActiveCfg = Release|Any CPU
		{29E4367C-10CC-4CF1-ADED-78427B11BE41}.Release|x86.Build.0 = Release|Any CPU
		{7B1E8920-0AE5-43F8-889C-EDBD886D5CCF}.Debug|Any CPU.ActiveCfg = Debug|Any CPU
		{7B1E8920-0AE5-43F8-889C-EDBD886D5CCF}.Debug|Any CPU.Build.0 = Debug|Any CPU
		{7B1E8920-0AE5-43F8-889C-EDBD886D5CCF}.Debug|x86.ActiveCfg = Debug|Any CPU
		{7B1E8920-0AE5-43F8-889C-EDBD886D5CCF}.Debug|x86.Build.0 = Debug|Any CPU
		{7B1E8920-0AE5-43F8-889C-EDBD886D5CCF}.Release|Any CPU.ActiveCfg = Release|Any CPU
		{7B1E8920-0AE5-43F8-889C-EDBD886D5CCF}.Release|Any CPU.Build.0 = Release|Any CPU
		{7B1E8920-0AE5-43F8-889C-EDBD886D5CCF}.Release|x86.ActiveCfg = Release|Any CPU
		{7B1E8920-0AE5-43F8-889C-EDBD886D5CCF}.Release|x86.Build.0 = Release|Any CPU
		{6BD0C634-DA12-4CD2-918B-809A2857B966}.Debug|Any CPU.ActiveCfg = Debug|Any CPU
		{6BD0C634-DA12-4CD2-918B-809A2857B966}.Debug|Any CPU.Build.0 = Debug|Any CPU
		{6BD0C634-DA12-4CD2-918B-809A2857B966}.Debug|x86.ActiveCfg = Debug|Any CPU
		{6BD0C634-DA12-4CD2-918B-809A2857B966}.Debug|x86.Build.0 = Debug|Any CPU
		{6BD0C634-DA12-4CD2-918B-809A2857B966}.Release|Any CPU.ActiveCfg = Release|Any CPU
		{6BD0C634-DA12-4CD2-918B-809A2857B966}.Release|Any CPU.Build.0 = Release|Any CPU
		{6BD0C634-DA12-4CD2-918B-809A2857B966}.Release|x86.ActiveCfg = Release|Any CPU
		{6BD0C634-DA12-4CD2-918B-809A2857B966}.Release|x86.Build.0 = Release|Any CPU
	EndGlobalSection
	GlobalSection(SolutionProperties) = preSolution
		HideSolutionNode = FALSE
	EndGlobalSection
	GlobalSection(ExtensibilityGlobals) = postSolution
		SolutionGuid = {BFA36988-B69C-4BF8-9E5B-6E14E45BDCD6}
	EndGlobalSection
EndGlobal
